// !$*UTF8*$!
{
	archiveVersion = 1;
	classes = {
	};
	objectVersion = 50;
	objects = {

/* Begin PBXBuildFile section */
		1B31F00F224DA8D200C6E7A4 /* AppDelegate.swift in Sources */ = {isa = PBXBuildFile; fileRef = 1B31F00E224DA8D200C6E7A4 /* AppDelegate.swift */; };
		1B31F011224DA8D200C6E7A4 /* ViewController.swift in Sources */ = {isa = PBXBuildFile; fileRef = 1B31F010224DA8D200C6E7A4 /* ViewController.swift */; };
		1B31F014224DA8D300C6E7A4 /* Main.storyboard in Resources */ = {isa = PBXBuildFile; fileRef = 1B31F012224DA8D300C6E7A4 /* Main.storyboard */; };
		1B31F016224DA8D400C6E7A4 /* Assets.xcassets in Resources */ = {isa = PBXBuildFile; fileRef = 1B31F015224DA8D400C6E7A4 /* Assets.xcassets */; };
		1B31F019224DA8D400C6E7A4 /* LaunchScreen.storyboard in Resources */ = {isa = PBXBuildFile; fileRef = 1B31F017224DA8D400C6E7A4 /* LaunchScreen.storyboard */; };
		1B31F024224DA8D400C6E7A4 /* MoviesTests.swift in Sources */ = {isa = PBXBuildFile; fileRef = 1B31F023224DA8D400C6E7A4 /* MoviesTests.swift */; };
		1B31F03A224DAA3100C6E7A4 /* AppCoordinator.swift in Sources */ = {isa = PBXBuildFile; fileRef = 1B31F02F224DAA3100C6E7A4 /* AppCoordinator.swift */; };
		1B31F03B224DAA3100C6E7A4 /* MoviesListViewController.swift in Sources */ = {isa = PBXBuildFile; fileRef = 1B31F032224DAA3100C6E7A4 /* MoviesListViewController.swift */; };
		1B31F03C224DAA3100C6E7A4 /* MoviesListViewController.xib in Resources */ = {isa = PBXBuildFile; fileRef = 1B31F033224DAA3100C6E7A4 /* MoviesListViewController.xib */; };
		1B31F03D224DAA3100C6E7A4 /* MoviesListModule.swift in Sources */ = {isa = PBXBuildFile; fileRef = 1B31F034224DAA3100C6E7A4 /* MoviesListModule.swift */; };
		1B31F03E224DAA3100C6E7A4 /* MoviesListInteractor.swift in Sources */ = {isa = PBXBuildFile; fileRef = 1B31F035224DAA3100C6E7A4 /* MoviesListInteractor.swift */; };
		1B31F03F224DAA3100C6E7A4 /* MoviesListPresenter.swift in Sources */ = {isa = PBXBuildFile; fileRef = 1B31F036224DAA3100C6E7A4 /* MoviesListPresenter.swift */; };
		1B31F040224DAA3100C6E7A4 /* MoviesListWireframe.swift in Sources */ = {isa = PBXBuildFile; fileRef = 1B31F037224DAA3100C6E7A4 /* MoviesListWireframe.swift */; };
		1B31F041224DAA3100C6E7A4 /* Movie.swift in Sources */ = {isa = PBXBuildFile; fileRef = 1B31F039224DAA3100C6E7A4 /* Movie.swift */; };
		516DA5B27306DF95E7542558 /* Pods_Movies.framework in Frameworks */ = {isa = PBXBuildFile; fileRef = 706779E3CF2A0174B7DAB882 /* Pods_Movies.framework */; };
		FE8B48A08C997DBF499621ED /* Pods_MoviesTests.framework in Frameworks */ = {isa = PBXBuildFile; fileRef = 46164094AA3531112D24F308 /* Pods_MoviesTests.framework */; };
/* End PBXBuildFile section */

/* Begin PBXContainerItemProxy section */
		1B31F020224DA8D400C6E7A4 /* PBXContainerItemProxy */ = {
			isa = PBXContainerItemProxy;
			containerPortal = 1B31F003224DA8D200C6E7A4 /* Project object */;
			proxyType = 1;
			remoteGlobalIDString = 1B31F00A224DA8D200C6E7A4;
			remoteInfo = Movies;
		};
/* End PBXContainerItemProxy section */

/* Begin PBXFileReference section */
		1B31F00B224DA8D200C6E7A4 /* Movies.app */ = {isa = PBXFileReference; explicitFileType = wrapper.application; includeInIndex = 0; path = Movies.app; sourceTree = BUILT_PRODUCTS_DIR; };
		1B31F00E224DA8D200C6E7A4 /* AppDelegate.swift */ = {isa = PBXFileReference; lastKnownFileType = sourcecode.swift; path = AppDelegate.swift; sourceTree = "<group>"; };
		1B31F010224DA8D200C6E7A4 /* ViewController.swift */ = {isa = PBXFileReference; lastKnownFileType = sourcecode.swift; path = ViewController.swift; sourceTree = "<group>"; };
		1B31F013224DA8D300C6E7A4 /* Base */ = {isa = PBXFileReference; lastKnownFileType = file.storyboard; name = Base; path = Base.lproj/Main.storyboard; sourceTree = "<group>"; };
		1B31F015224DA8D400C6E7A4 /* Assets.xcassets */ = {isa = PBXFileReference; lastKnownFileType = folder.assetcatalog; path = Assets.xcassets; sourceTree = "<group>"; };
		1B31F018224DA8D400C6E7A4 /* Base */ = {isa = PBXFileReference; lastKnownFileType = file.storyboard; name = Base; path = Base.lproj/LaunchScreen.storyboard; sourceTree = "<group>"; };
		1B31F01A224DA8D400C6E7A4 /* Info.plist */ = {isa = PBXFileReference; lastKnownFileType = text.plist.xml; path = Info.plist; sourceTree = "<group>"; };
		1B31F01F224DA8D400C6E7A4 /* MoviesTests.xctest */ = {isa = PBXFileReference; explicitFileType = wrapper.cfbundle; includeInIndex = 0; path = MoviesTests.xctest; sourceTree = BUILT_PRODUCTS_DIR; };
		1B31F023224DA8D400C6E7A4 /* MoviesTests.swift */ = {isa = PBXFileReference; lastKnownFileType = sourcecode.swift; path = MoviesTests.swift; sourceTree = "<group>"; };
		1B31F025224DA8D400C6E7A4 /* Info.plist */ = {isa = PBXFileReference; lastKnownFileType = text.plist.xml; path = Info.plist; sourceTree = "<group>"; };
		1B31F02F224DAA3100C6E7A4 /* AppCoordinator.swift */ = {isa = PBXFileReference; fileEncoding = 4; lastKnownFileType = sourcecode.swift; path = AppCoordinator.swift; sourceTree = "<group>"; };
		1B31F032224DAA3100C6E7A4 /* MoviesListViewController.swift */ = {isa = PBXFileReference; fileEncoding = 4; lastKnownFileType = sourcecode.swift; path = MoviesListViewController.swift; sourceTree = "<group>"; };
		1B31F033224DAA3100C6E7A4 /* MoviesListViewController.xib */ = {isa = PBXFileReference; fileEncoding = 4; lastKnownFileType = file.xib; path = MoviesListViewController.xib; sourceTree = "<group>"; };
		1B31F034224DAA3100C6E7A4 /* MoviesListModule.swift */ = {isa = PBXFileReference; fileEncoding = 4; lastKnownFileType = sourcecode.swift; path = MoviesListModule.swift; sourceTree = "<group>"; };
		1B31F035224DAA3100C6E7A4 /* MoviesListInteractor.swift */ = {isa = PBXFileReference; fileEncoding = 4; lastKnownFileType = sourcecode.swift; path = MoviesListInteractor.swift; sourceTree = "<group>"; };
		1B31F036224DAA3100C6E7A4 /* MoviesListPresenter.swift */ = {isa = PBXFileReference; fileEncoding = 4; lastKnownFileType = sourcecode.swift; path = MoviesListPresenter.swift; sourceTree = "<group>"; };
		1B31F037224DAA3100C6E7A4 /* MoviesListWireframe.swift */ = {isa = PBXFileReference; fileEncoding = 4; lastKnownFileType = sourcecode.swift; path = MoviesListWireframe.swift; sourceTree = "<group>"; };
		1B31F039224DAA3100C6E7A4 /* Movie.swift */ = {isa = PBXFileReference; fileEncoding = 4; lastKnownFileType = sourcecode.swift; path = Movie.swift; sourceTree = "<group>"; };
		27897768EC6245C14B5BFE8D /* Pods-Movies.release.xcconfig */ = {isa = PBXFileReference; includeInIndex = 1; lastKnownFileType = text.xcconfig; name = "Pods-Movies.release.xcconfig"; path = "Pods/Target Support Files/Pods-Movies/Pods-Movies.release.xcconfig"; sourceTree = "<group>"; };
		46164094AA3531112D24F308 /* Pods_MoviesTests.framework */ = {isa = PBXFileReference; explicitFileType = wrapper.framework; includeInIndex = 0; path = Pods_MoviesTests.framework; sourceTree = BUILT_PRODUCTS_DIR; };
		585FF35DF7012CA33036ED13 /* Pods-MoviesTests.release.xcconfig */ = {isa = PBXFileReference; includeInIndex = 1; lastKnownFileType = text.xcconfig; name = "Pods-MoviesTests.release.xcconfig"; path = "Pods/Target Support Files/Pods-MoviesTests/Pods-MoviesTests.release.xcconfig"; sourceTree = "<group>"; };
		706779E3CF2A0174B7DAB882 /* Pods_Movies.framework */ = {isa = PBXFileReference; explicitFileType = wrapper.framework; includeInIndex = 0; path = Pods_Movies.framework; sourceTree = BUILT_PRODUCTS_DIR; };
		A842A25E0FFB18BDE033E485 /* Pods-MoviesTests.debug.xcconfig */ = {isa = PBXFileReference; includeInIndex = 1; lastKnownFileType = text.xcconfig; name = "Pods-MoviesTests.debug.xcconfig"; path = "Pods/Target Support Files/Pods-MoviesTests/Pods-MoviesTests.debug.xcconfig"; sourceTree = "<group>"; };
		D86EE4116DC424203AD29D7C /* Pods-Movies.debug.xcconfig */ = {isa = PBXFileReference; includeInIndex = 1; lastKnownFileType = text.xcconfig; name = "Pods-Movies.debug.xcconfig"; path = "Pods/Target Support Files/Pods-Movies/Pods-Movies.debug.xcconfig"; sourceTree = "<group>"; };
/* End PBXFileReference section */

/* Begin PBXFrameworksBuildPhase section */
		1B31F008224DA8D200C6E7A4 /* Frameworks */ = {
			isa = PBXFrameworksBuildPhase;
			buildActionMask = 2147483647;
			files = (
				516DA5B27306DF95E7542558 /* Pods_Movies.framework in Frameworks */,
			);
			runOnlyForDeploymentPostprocessing = 0;
		};
		1B31F01C224DA8D400C6E7A4 /* Frameworks */ = {
			isa = PBXFrameworksBuildPhase;
			buildActionMask = 2147483647;
			files = (
				FE8B48A08C997DBF499621ED /* Pods_MoviesTests.framework in Frameworks */,
			);
			runOnlyForDeploymentPostprocessing = 0;
		};
/* End PBXFrameworksBuildPhase section */

/* Begin PBXGroup section */
		065CC3A045C65A8348FDA50F /* Frameworks */ = {
			isa = PBXGroup;
			children = (
				706779E3CF2A0174B7DAB882 /* Pods_Movies.framework */,
				46164094AA3531112D24F308 /* Pods_MoviesTests.framework */,
			);
			name = Frameworks;
			sourceTree = "<group>";
		};
		1B31F002224DA8D200C6E7A4 = {
			isa = PBXGroup;
			children = (
				1B31F00D224DA8D200C6E7A4 /* Movies */,
				1B31F022224DA8D400C6E7A4 /* MoviesTests */,
				1B31F00C224DA8D200C6E7A4 /* Products */,
				2F54C9D696509CAB77F5C8C0 /* Pods */,
				065CC3A045C65A8348FDA50F /* Frameworks */,
			);
			sourceTree = "<group>";
		};
		1B31F00C224DA8D200C6E7A4 /* Products */ = {
			isa = PBXGroup;
			children = (
				1B31F00B224DA8D200C6E7A4 /* Movies.app */,
				1B31F01F224DA8D400C6E7A4 /* MoviesTests.xctest */,
			);
			name = Products;
			sourceTree = "<group>";
		};
		1B31F00D224DA8D200C6E7A4 /* Movies */ = {
			isa = PBXGroup;
			children = (
				1B31F02E224DAA3100C6E7A4 /* Modules */,
				1B31F00E224DA8D200C6E7A4 /* AppDelegate.swift */,
				1B31F010224DA8D200C6E7A4 /* ViewController.swift */,
				1B31F012224DA8D300C6E7A4 /* Main.storyboard */,
				1B31F015224DA8D400C6E7A4 /* Assets.xcassets */,
				1B31F017224DA8D400C6E7A4 /* LaunchScreen.storyboard */,
				1B31F01A224DA8D400C6E7A4 /* Info.plist */,
			);
			path = Movies;
			sourceTree = "<group>";
		};
		1B31F022224DA8D400C6E7A4 /* MoviesTests */ = {
			isa = PBXGroup;
			children = (
				1B31F023224DA8D400C6E7A4 /* MoviesTests.swift */,
				1B31F025224DA8D400C6E7A4 /* Info.plist */,
			);
			path = MoviesTests;
			sourceTree = "<group>";
		};
		1B31F02E224DAA3100C6E7A4 /* Modules */ = {
			isa = PBXGroup;
			children = (
				1B31F02F224DAA3100C6E7A4 /* AppCoordinator.swift */,
				1B31F030224DAA3100C6E7A4 /* MoviesList */,
			);
			path = Modules;
			sourceTree = "<group>";
		};
		1B31F030224DAA3100C6E7A4 /* MoviesList */ = {
			isa = PBXGroup;
			children = (
				1B31F034224DAA3100C6E7A4 /* MoviesListModule.swift */,
				1B31F035224DAA3100C6E7A4 /* MoviesListInteractor.swift */,
				1B31F036224DAA3100C6E7A4 /* MoviesListPresenter.swift */,
				1B31F037224DAA3100C6E7A4 /* MoviesListWireframe.swift */,
				1B31F038224DAA3100C6E7A4 /* Entities */,
				1B31F031224DAA3100C6E7A4 /* UI */,
			);
			path = MoviesList;
			sourceTree = "<group>";
		};
		1B31F031224DAA3100C6E7A4 /* UI */ = {
			isa = PBXGroup;
			children = (
				1B31F032224DAA3100C6E7A4 /* MoviesListViewController.swift */,
				1B31F033224DAA3100C6E7A4 /* MoviesListViewController.xib */,
			);
			path = UI;
			sourceTree = "<group>";
		};
		1B31F038224DAA3100C6E7A4 /* Entities */ = {
			isa = PBXGroup;
			children = (
				1B31F039224DAA3100C6E7A4 /* Movie.swift */,
			);
			path = Entities;
			sourceTree = "<group>";
		};
		2F54C9D696509CAB77F5C8C0 /* Pods */ = {
			isa = PBXGroup;
			children = (
				D86EE4116DC424203AD29D7C /* Pods-Movies.debug.xcconfig */,
				27897768EC6245C14B5BFE8D /* Pods-Movies.release.xcconfig */,
				A842A25E0FFB18BDE033E485 /* Pods-MoviesTests.debug.xcconfig */,
				585FF35DF7012CA33036ED13 /* Pods-MoviesTests.release.xcconfig */,
			);
			name = Pods;
			sourceTree = "<group>";
		};
/* End PBXGroup section */

/* Begin PBXNativeTarget section */
		1B31F00A224DA8D200C6E7A4 /* Movies */ = {
			isa = PBXNativeTarget;
			buildConfigurationList = 1B31F028224DA8D400C6E7A4 /* Build configuration list for PBXNativeTarget "Movies" */;
			buildPhases = (
				064597EBB5B59C5BF0693766 /* [CP] Check Pods Manifest.lock */,
				1B31F007224DA8D200C6E7A4 /* Sources */,
				1B31F008224DA8D200C6E7A4 /* Frameworks */,
				1B31F009224DA8D200C6E7A4 /* Resources */,
				F8376C1841B933936771947A /* [CP] Embed Pods Frameworks */,
			);
			buildRules = (
			);
			dependencies = (
			);
			name = Movies;
			productName = Movies;
			productReference = 1B31F00B224DA8D200C6E7A4 /* Movies.app */;
			productType = "com.apple.product-type.application";
		};
		1B31F01E224DA8D400C6E7A4 /* MoviesTests */ = {
			isa = PBXNativeTarget;
			buildConfigurationList = 1B31F02B224DA8D400C6E7A4 /* Build configuration list for PBXNativeTarget "MoviesTests" */;
			buildPhases = (
				8383FB18D11C4D324E0B477F /* [CP] Check Pods Manifest.lock */,
				1B31F01B224DA8D400C6E7A4 /* Sources */,
				1B31F01C224DA8D400C6E7A4 /* Frameworks */,
				1B31F01D224DA8D400C6E7A4 /* Resources */,
				DA4702ED8B49439212AE8C94 /* [CP] Embed Pods Frameworks */,
			);
			buildRules = (
			);
			dependencies = (
				1B31F021224DA8D400C6E7A4 /* PBXTargetDependency */,
			);
			name = MoviesTests;
			productName = MoviesTests;
			productReference = 1B31F01F224DA8D400C6E7A4 /* MoviesTests.xctest */;
			productType = "com.apple.product-type.bundle.unit-test";
		};
/* End PBXNativeTarget section */

/* Begin PBXProject section */
		1B31F003224DA8D200C6E7A4 /* Project object */ = {
			isa = PBXProject;
			attributes = {
				LastSwiftUpdateCheck = 1020;
				LastUpgradeCheck = 1020;
				ORGANIZATIONNAME = Rappi;
				TargetAttributes = {
					1B31F00A224DA8D200C6E7A4 = {
						CreatedOnToolsVersion = 10.2;
					};
					1B31F01E224DA8D400C6E7A4 = {
						CreatedOnToolsVersion = 10.2;
						TestTargetID = 1B31F00A224DA8D200C6E7A4;
					};
				};
			};
			buildConfigurationList = 1B31F006224DA8D200C6E7A4 /* Build configuration list for PBXProject "Movies" */;
			compatibilityVersion = "Xcode 9.3";
			developmentRegion = en;
			hasScannedForEncodings = 0;
			knownRegions = (
				en,
				Base,
			);
			mainGroup = 1B31F002224DA8D200C6E7A4;
			productRefGroup = 1B31F00C224DA8D200C6E7A4 /* Products */;
			projectDirPath = "";
			projectRoot = "";
			targets = (
				1B31F00A224DA8D200C6E7A4 /* Movies */,
				1B31F01E224DA8D400C6E7A4 /* MoviesTests */,
			);
		};
/* End PBXProject section */

/* Begin PBXResourcesBuildPhase section */
		1B31F009224DA8D200C6E7A4 /* Resources */ = {
			isa = PBXResourcesBuildPhase;
			buildActionMask = 2147483647;
			files = (
				1B31F019224DA8D400C6E7A4 /* LaunchScreen.storyboard in Resources */,
				1B31F016224DA8D400C6E7A4 /* Assets.xcassets in Resources */,
				1B31F014224DA8D300C6E7A4 /* Main.storyboard in Resources */,
				1B31F03C224DAA3100C6E7A4 /* MoviesListViewController.xib in Resources */,
			);
			runOnlyForDeploymentPostprocessing = 0;
		};
		1B31F01D224DA8D400C6E7A4 /* Resources */ = {
			isa = PBXResourcesBuildPhase;
			buildActionMask = 2147483647;
			files = (
			);
			runOnlyForDeploymentPostprocessing = 0;
		};
/* End PBXResourcesBuildPhase section */

/* Begin PBXShellScriptBuildPhase section */
		064597EBB5B59C5BF0693766 /* [CP] Check Pods Manifest.lock */ = {
			isa = PBXShellScriptBuildPhase;
			buildActionMask = 2147483647;
			files = (
			);
			inputFileListPaths = (
			);
			inputPaths = (
				"${PODS_PODFILE_DIR_PATH}/Podfile.lock",
				"${PODS_ROOT}/Manifest.lock",
			);
			name = "[CP] Check Pods Manifest.lock";
			outputFileListPaths = (
			);
			outputPaths = (
				"$(DERIVED_FILE_DIR)/Pods-Movies-checkManifestLockResult.txt",
			);
			runOnlyForDeploymentPostprocessing = 0;
			shellPath = /bin/sh;
			shellScript = "diff \"${PODS_PODFILE_DIR_PATH}/Podfile.lock\" \"${PODS_ROOT}/Manifest.lock\" > /dev/null\nif [ $? != 0 ] ; then\n    # print error to STDERR\n    echo \"error: The sandbox is not in sync with the Podfile.lock. Run 'pod install' or update your CocoaPods installation.\" >&2\n    exit 1\nfi\n# This output is used by Xcode 'outputs' to avoid re-running this script phase.\necho \"SUCCESS\" > \"${SCRIPT_OUTPUT_FILE_0}\"\n";
			showEnvVarsInLog = 0;
		};
		8383FB18D11C4D324E0B477F /* [CP] Check Pods Manifest.lock */ = {
			isa = PBXShellScriptBuildPhase;
			buildActionMask = 2147483647;
			files = (
			);
			inputFileListPaths = (
			);
			inputPaths = (
				"${PODS_PODFILE_DIR_PATH}/Podfile.lock",
				"${PODS_ROOT}/Manifest.lock",
			);
			name = "[CP] Check Pods Manifest.lock";
			outputFileListPaths = (
			);
			outputPaths = (
				"$(DERIVED_FILE_DIR)/Pods-MoviesTests-checkManifestLockResult.txt",
			);
			runOnlyForDeploymentPostprocessing = 0;
			shellPath = /bin/sh;
			shellScript = "diff \"${PODS_PODFILE_DIR_PATH}/Podfile.lock\" \"${PODS_ROOT}/Manifest.lock\" > /dev/null\nif [ $? != 0 ] ; then\n    # print error to STDERR\n    echo \"error: The sandbox is not in sync with the Podfile.lock. Run 'pod install' or update your CocoaPods installation.\" >&2\n    exit 1\nfi\n# This output is used by Xcode 'outputs' to avoid re-running this script phase.\necho \"SUCCESS\" > \"${SCRIPT_OUTPUT_FILE_0}\"\n";
			showEnvVarsInLog = 0;
		};
		DA4702ED8B49439212AE8C94 /* [CP] Embed Pods Frameworks */ = {
			isa = PBXShellScriptBuildPhase;
			buildActionMask = 2147483647;
			files = (
			);
			inputFileListPaths = (
			);
			inputPaths = (
				"${SRCROOT}/Pods/Target Support Files/Pods-MoviesTests/Pods-MoviesTests-frameworks.sh",
				"${BUILT_PRODUCTS_DIR}/RxAtomic/RxAtomic.framework",
				"${BUILT_PRODUCTS_DIR}/RxSwift/RxSwift.framework",
				"${BUILT_PRODUCTS_DIR}/RxBlocking/RxBlocking.framework",
				"${BUILT_PRODUCTS_DIR}/RxTest/RxTest.framework",
			);
			name = "[CP] Embed Pods Frameworks";
			outputFileListPaths = (
			);
			outputPaths = (
				"${TARGET_BUILD_DIR}/${FRAMEWORKS_FOLDER_PATH}/RxAtomic.framework",
				"${TARGET_BUILD_DIR}/${FRAMEWORKS_FOLDER_PATH}/RxSwift.framework",
				"${TARGET_BUILD_DIR}/${FRAMEWORKS_FOLDER_PATH}/RxBlocking.framework",
				"${TARGET_BUILD_DIR}/${FRAMEWORKS_FOLDER_PATH}/RxTest.framework",
			);
			runOnlyForDeploymentPostprocessing = 0;
			shellPath = /bin/sh;
			shellScript = "\"${SRCROOT}/Pods/Target Support Files/Pods-MoviesTests/Pods-MoviesTests-frameworks.sh\"\n";
			showEnvVarsInLog = 0;
		};
		F8376C1841B933936771947A /* [CP] Embed Pods Frameworks */ = {
			isa = PBXShellScriptBuildPhase;
			buildActionMask = 2147483647;
			files = (
			);
			inputFileListPaths = (
			);
			inputPaths = (
				"${SRCROOT}/Pods/Target Support Files/Pods-Movies/Pods-Movies-frameworks.sh",
				"${BUILT_PRODUCTS_DIR}/Alamofire/Alamofire.framework",
				"${BUILT_PRODUCTS_DIR}/RxAtomic/RxAtomic.framework",
				"${BUILT_PRODUCTS_DIR}/RxCocoa/RxCocoa.framework",
				"${BUILT_PRODUCTS_DIR}/RxSwift/RxSwift.framework",
			);
			name = "[CP] Embed Pods Frameworks";
			outputFileListPaths = (
			);
			outputPaths = (
				"${TARGET_BUILD_DIR}/${FRAMEWORKS_FOLDER_PATH}/Alamofire.framework",
				"${TARGET_BUILD_DIR}/${FRAMEWORKS_FOLDER_PATH}/RxAtomic.framework",
				"${TARGET_BUILD_DIR}/${FRAMEWORKS_FOLDER_PATH}/RxCocoa.framework",
				"${TARGET_BUILD_DIR}/${FRAMEWORKS_FOLDER_PATH}/RxSwift.framework",
			);
			runOnlyForDeploymentPostprocessing = 0;
			shellPath = /bin/sh;
			shellScript = "\"${SRCROOT}/Pods/Target Support Files/Pods-Movies/Pods-Movies-frameworks.sh\"\n";
			showEnvVarsInLog = 0;
		};
/* End PBXShellScriptBuildPhase section */

/* Begin PBXSourcesBuildPhase section */
		1B31F007224DA8D200C6E7A4 /* Sources */ = {
			isa = PBXSourcesBuildPhase;
			buildActionMask = 2147483647;
			files = (
				1B31F03D224DAA3100C6E7A4 /* MoviesListModule.swift in Sources */,
				1B31F03E224DAA3100C6E7A4 /* MoviesListInteractor.swift in Sources */,
				1B31F041224DAA3100C6E7A4 /* Movie.swift in Sources */,
				1B31F03A224DAA3100C6E7A4 /* AppCoordinator.swift in Sources */,
				1B31F03F224DAA3100C6E7A4 /* MoviesListPresenter.swift in Sources */,
				1B31F011224DA8D200C6E7A4 /* ViewController.swift in Sources */,
				1B31F040224DAA3100C6E7A4 /* MoviesListWireframe.swift in Sources */,
				1B31F00F224DA8D200C6E7A4 /* AppDelegate.swift in Sources */,
				1B31F03B224DAA3100C6E7A4 /* MoviesListViewController.swift in Sources */,
			);
			runOnlyForDeploymentPostprocessing = 0;
		};
		1B31F01B224DA8D400C6E7A4 /* Sources */ = {
			isa = PBXSourcesBuildPhase;
			buildActionMask = 2147483647;
			files = (
				1B31F024224DA8D400C6E7A4 /* MoviesTests.swift in Sources */,
			);
			runOnlyForDeploymentPostprocessing = 0;
		};
/* End PBXSourcesBuildPhase section */

/* Begin PBXTargetDependency section */
		1B31F021224DA8D400C6E7A4 /* PBXTargetDependency */ = {
			isa = PBXTargetDependency;
			target = 1B31F00A224DA8D200C6E7A4 /* Movies */;
			targetProxy = 1B31F020224DA8D400C6E7A4 /* PBXContainerItemProxy */;
		};
/* End PBXTargetDependency section */

/* Begin PBXVariantGroup section */
		1B31F012224DA8D300C6E7A4 /* Main.storyboard */ = {
			isa = PBXVariantGroup;
			children = (
				1B31F013224DA8D300C6E7A4 /* Base */,
			);
			name = Main.storyboard;
			sourceTree = "<group>";
		};
		1B31F017224DA8D400C6E7A4 /* LaunchScreen.storyboard */ = {
			isa = PBXVariantGroup;
			children = (
				1B31F018224DA8D400C6E7A4 /* Base */,
			);
			name = LaunchScreen.storyboard;
			sourceTree = "<group>";
		};
/* End PBXVariantGroup section */

/* Begin XCBuildConfiguration section */
		1B31F026224DA8D400C6E7A4 /* Debug */ = {
			isa = XCBuildConfiguration;
			buildSettings = {
				ALWAYS_SEARCH_USER_PATHS = NO;
				CLANG_ANALYZER_NONNULL = YES;
				CLANG_ANALYZER_NUMBER_OBJECT_CONVERSION = YES_AGGRESSIVE;
				CLANG_CXX_LANGUAGE_STANDARD = "gnu++14";
				CLANG_CXX_LIBRARY = "libc++";
				CLANG_ENABLE_MODULES = YES;
				CLANG_ENABLE_OBJC_ARC = YES;
				CLANG_ENABLE_OBJC_WEAK = YES;
				CLANG_WARN_BLOCK_CAPTURE_AUTORELEASING = YES;
				CLANG_WARN_BOOL_CONVERSION = YES;
				CLANG_WARN_COMMA = YES;
				CLANG_WARN_CONSTANT_CONVERSION = YES;
				CLANG_WARN_DEPRECATED_OBJC_IMPLEMENTATIONS = YES;
				CLANG_WARN_DIRECT_OBJC_ISA_USAGE = YES_ERROR;
				CLANG_WARN_DOCUMENTATION_COMMENTS = YES;
				CLANG_WARN_EMPTY_BODY = YES;
				CLANG_WARN_ENUM_CONVERSION = YES;
				CLANG_WARN_INFINITE_RECURSION = YES;
				CLANG_WARN_INT_CONVERSION = YES;
				CLANG_WARN_NON_LITERAL_NULL_CONVERSION = YES;
				CLANG_WARN_OBJC_IMPLICIT_RETAIN_SELF = YES;
				CLANG_WARN_OBJC_LITERAL_CONVERSION = YES;
				CLANG_WARN_OBJC_ROOT_CLASS = YES_ERROR;
				CLANG_WARN_RANGE_LOOP_ANALYSIS = YES;
				CLANG_WARN_STRICT_PROTOTYPES = YES;
				CLANG_WARN_SUSPICIOUS_MOVE = YES;
				CLANG_WARN_UNGUARDED_AVAILABILITY = YES_AGGRESSIVE;
				CLANG_WARN_UNREACHABLE_CODE = YES;
				CLANG_WARN__DUPLICATE_METHOD_MATCH = YES;
				CODE_SIGN_IDENTITY = "iPhone Developer";
				COPY_PHASE_STRIP = NO;
				DEBUG_INFORMATION_FORMAT = dwarf;
				ENABLE_STRICT_OBJC_MSGSEND = YES;
				ENABLE_TESTABILITY = YES;
				GCC_C_LANGUAGE_STANDARD = gnu11;
				GCC_DYNAMIC_NO_PIC = NO;
				GCC_NO_COMMON_BLOCKS = YES;
				GCC_OPTIMIZATION_LEVEL = 0;
				GCC_PREPROCESSOR_DEFINITIONS = (
					"DEBUG=1",
					"$(inherited)",
				);
				GCC_WARN_64_TO_32_BIT_CONVERSION = YES;
				GCC_WARN_ABOUT_RETURN_TYPE = YES_ERROR;
				GCC_WARN_UNDECLARED_SELECTOR = YES;
				GCC_WARN_UNINITIALIZED_AUTOS = YES_AGGRESSIVE;
				GCC_WARN_UNUSED_FUNCTION = YES;
				GCC_WARN_UNUSED_VARIABLE = YES;
				IPHONEOS_DEPLOYMENT_TARGET = 12.2;
				MTL_ENABLE_DEBUG_INFO = INCLUDE_SOURCE;
				MTL_FAST_MATH = YES;
				ONLY_ACTIVE_ARCH = YES;
				SDKROOT = iphoneos;
				SWIFT_ACTIVE_COMPILATION_CONDITIONS = DEBUG;
				SWIFT_OPTIMIZATION_LEVEL = "-Onone";
			};
			name = Debug;
		};
		1B31F027224DA8D400C6E7A4 /* Release */ = {
			isa = XCBuildConfiguration;
			buildSettings = {
				ALWAYS_SEARCH_USER_PATHS = NO;
				CLANG_ANALYZER_NONNULL = YES;
				CLANG_ANALYZER_NUMBER_OBJECT_CONVERSION = YES_AGGRESSIVE;
				CLANG_CXX_LANGUAGE_STANDARD = "gnu++14";
				CLANG_CXX_LIBRARY = "libc++";
				CLANG_ENABLE_MODULES = YES;
				CLANG_ENABLE_OBJC_ARC = YES;
				CLANG_ENABLE_OBJC_WEAK = YES;
				CLANG_WARN_BLOCK_CAPTURE_AUTORELEASING = YES;
				CLANG_WARN_BOOL_CONVERSION = YES;
				CLANG_WARN_COMMA = YES;
				CLANG_WARN_CONSTANT_CONVERSION = YES;
				CLANG_WARN_DEPRECATED_OBJC_IMPLEMENTATIONS = YES;
				CLANG_WARN_DIRECT_OBJC_ISA_USAGE = YES_ERROR;
				CLANG_WARN_DOCUMENTATION_COMMENTS = YES;
				CLANG_WARN_EMPTY_BODY = YES;
				CLANG_WARN_ENUM_CONVERSION = YES;
				CLANG_WARN_INFINITE_RECURSION = YES;
				CLANG_WARN_INT_CONVERSION = YES;
				CLANG_WARN_NON_LITERAL_NULL_CONVERSION = YES;
				CLANG_WARN_OBJC_IMPLICIT_RETAIN_SELF = YES;
				CLANG_WARN_OBJC_LITERAL_CONVERSION = YES;
				CLANG_WARN_OBJC_ROOT_CLASS = YES_ERROR;
				CLANG_WARN_RANGE_LOOP_ANALYSIS = YES;
				CLANG_WARN_STRICT_PROTOTYPES = YES;
				CLANG_WARN_SUSPICIOUS_MOVE = YES;
				CLANG_WARN_UNGUARDED_AVAILABILITY = YES_AGGRESSIVE;
				CLANG_WARN_UNREACHABLE_CODE = YES;
				CLANG_WARN__DUPLICATE_METHOD_MATCH = YES;
				CODE_SIGN_IDENTITY = "iPhone Developer";
				COPY_PHASE_STRIP = NO;
				DEBUG_INFORMATION_FORMAT = "dwarf-with-dsym";
				ENABLE_NS_ASSERTIONS = NO;
				ENABLE_STRICT_OBJC_MSGSEND = YES;
				GCC_C_LANGUAGE_STANDARD = gnu11;
				GCC_NO_COMMON_BLOCKS = YES;
				GCC_WARN_64_TO_32_BIT_CONVERSION = YES;
				GCC_WARN_ABOUT_RETURN_TYPE = YES_ERROR;
				GCC_WARN_UNDECLARED_SELECTOR = YES;
				GCC_WARN_UNINITIALIZED_AUTOS = YES_AGGRESSIVE;
				GCC_WARN_UNUSED_FUNCTION = YES;
				GCC_WARN_UNUSED_VARIABLE = YES;
				IPHONEOS_DEPLOYMENT_TARGET = 12.2;
				MTL_ENABLE_DEBUG_INFO = NO;
				MTL_FAST_MATH = YES;
				SDKROOT = iphoneos;
				SWIFT_COMPILATION_MODE = wholemodule;
				SWIFT_OPTIMIZATION_LEVEL = "-O";
				VALIDATE_PRODUCT = YES;
			};
			name = Release;
		};
		1B31F029224DA8D400C6E7A4 /* Debug */ = {
			isa = XCBuildConfiguration;
			baseConfigurationReference = D86EE4116DC424203AD29D7C /* Pods-Movies.debug.xcconfig */;
			buildSettings = {
				ASSETCATALOG_COMPILER_APPICON_NAME = AppIcon;
				CODE_SIGN_STYLE = Automatic;
				DEVELOPMENT_TEAM = 97XNP9952K;
				INFOPLIST_FILE = Movies/Info.plist;
				LD_RUNPATH_SEARCH_PATHS = (
					"$(inherited)",
					"@executable_path/Frameworks",
				);
				PRODUCT_BUNDLE_IDENTIFIER = com.rappi.Movies;
				PRODUCT_NAME = "$(TARGET_NAME)";
				SWIFT_VERSION = 5.0;
				TARGETED_DEVICE_FAMILY = "1,2";
			};
			name = Debug;
		};
		1B31F02A224DA8D400C6E7A4 /* Release */ = {
			isa = XCBuildConfiguration;
			baseConfigurationReference = 27897768EC6245C14B5BFE8D /* Pods-Movies.release.xcconfig */;
			buildSettings = {
				ASSETCATALOG_COMPILER_APPICON_NAME = AppIcon;
				CODE_SIGN_STYLE = Automatic;
				DEVELOPMENT_TEAM = 97XNP9952K;
				INFOPLIST_FILE = Movies/Info.plist;
				LD_RUNPATH_SEARCH_PATHS = (
					"$(inherited)",
					"@executable_path/Frameworks",
				);
				PRODUCT_BUNDLE_IDENTIFIER = com.rappi.Movies;
				PRODUCT_NAME = "$(TARGET_NAME)";
				SWIFT_VERSION = 5.0;
				TARGETED_DEVICE_FAMILY = "1,2";
			};
			name = Release;
		};
		1B31F02C224DA8D400C6E7A4 /* Debug */ = {
			isa = XCBuildConfiguration;
			baseConfigurationReference = A842A25E0FFB18BDE033E485 /* Pods-MoviesTests.debug.xcconfig */;
			buildSettings = {
				ALWAYS_EMBED_SWIFT_STANDARD_LIBRARIES = YES;
				BUNDLE_LOADER = "$(TEST_HOST)";
				CODE_SIGN_STYLE = Automatic;
				DEVELOPMENT_TEAM = 97XNP9952K;
				INFOPLIST_FILE = MoviesTests/Info.plist;
				LD_RUNPATH_SEARCH_PATHS = (
					"$(inherited)",
					"@executable_path/Frameworks",
					"@loader_path/Frameworks",
				);
				PRODUCT_BUNDLE_IDENTIFIER = com.rappi.MoviesTests;
				PRODUCT_NAME = "$(TARGET_NAME)";
				SWIFT_VERSION = 5.0;
				TARGETED_DEVICE_FAMILY = "1,2";
				TEST_HOST = "$(BUILT_PRODUCTS_DIR)/Movies.app/Movies";
			};
			name = Debug;
		};
		1B31F02D224DA8D400C6E7A4 /* Release */ = {
			isa = XCBuildConfiguration;
			baseConfigurationReference = 585FF35DF7012CA33036ED13 /* Pods-MoviesTests.release.xcconfig */;
			buildSettings = {
				ALWAYS_EMBED_SWIFT_STANDARD_LIBRARIES = YES;
				BUNDLE_LOADER = "$(TEST_HOST)";
				CODE_SIGN_STYLE = Automatic;
				DEVELOPMENT_TEAM = 97XNP9952K;
				INFOPLIST_FILE = MoviesTests/Info.plist;
				LD_RUNPATH_SEARCH_PATHS = (
					"$(inherited)",
					"@executable_path/Frameworks",
					"@loader_path/Frameworks",
				);
				PRODUCT_BUNDLE_IDENTIFIER = com.rappi.MoviesTests;
				PRODUCT_NAME = "$(TARGET_NAME)";
				SWIFT_VERSION = 5.0;
				TARGETED_DEVICE_FAMILY = "1,2";
				TEST_HOST = "$(BUILT_PRODUCTS_DIR)/Movies.app/Movies";
			};
			name = Release;
		};
/* End XCBuildConfiguration section */

/* Begin XCConfigurationList section */
		1B31F006224DA8D200C6E7A4 /* Build configuration list for PBXProject "Movies" */ = {
			isa = XCConfigurationList;
			buildConfigurations = (
				1B31F026224DA8D400C6E7A4 /* Debug */,
				1B31F027224DA8D400C6E7A4 /* Release */,
			);
			defaultConfigurationIsVisible = 0;
			defaultConfigurationName = Release;
		};
		1B31F028224DA8D400C6E7A4 /* Build configuration list for PBXNativeTarget "Movies" */ = {
			isa = XCConfigurationList;
			buildConfigurations = (
				1B31F029224DA8D400C6E7A4 /* Debug */,
				1B31F02A224DA8D400C6E7A4 /* Release */,
			);
			defaultConfigurationIsVisible = 0;
			defaultConfigurationName = Release;
		};
		1B31F02B224DA8D400C6E7A4 /* Build configuration list for PBXNativeTarget "MoviesTests" */ = {
			isa = XCConfigurationList;
			buildConfigurations = (
				1B31F02C224DA8D400C6E7A4 /* Debug */,
				1B31F02D224DA8D400C6E7A4 /* Release */,
			);
			defaultConfigurationIsVisible = 0;
			defaultConfigurationName = Release;
		};
/* End XCConfigurationList section */
	};
	rootObject = 1B31F003224DA8D200C6E7A4 /* Project object */;
}
